
Microsoft Visual Studio Solution File, Format Version 12.00
# Visual Studio Version 16
VisualStudioVersion = 16.0.29806.167
MinimumVisualStudioVersion = 10.0.40219.1
Project("{8BC9CEB8-8B4A-11D0-8D11-00A0C91BC942}") = "archipielagoEnBicicleta", "archipielagoEnBicicleta\archipielagoEnBicicleta.vcxproj", "{D4B04250-C0D7-40A8-93F7-170E6474ED54}"
EndProject
Global
	GlobalSection(SolutionConfigurationPlatforms) = preSolution
		Debug|x64 = Debug|x64
		Debug|x86 = Debug|x86
		Release|x64 = Release|x64
		Release|x86 = Release|x86
	EndGlobalSection
	GlobalSection(ProjectConfigurationPlatforms) = postSolution
		{D4B04250-C0D7-40A8-93F7-170E6474ED54}.Debug|x64.ActiveCfg = Debug|x64
		{D4B04250-C0D7-40A8-93F7-170E6474ED54}.Debug|x64.Build.0 = Debug|x64
		{D4B04250-C0D7-40A8-93F7-170E6474ED54}.Debug|x86.ActiveCfg = Debug|Win32
		{D4B04250-C0D7-40A8-93F7-170E6474ED54}.Debug|x86.Build.0 = Debug|Win32
		{D4B04250-C0D7-40A8-93F7-170E6474ED54}.Release|x64.ActiveCfg = Release|x64
		{D4B04250-C0D7-40A8-93F7-170E6474ED54}.Release|x64.Build.0 = Release|x64
		{D4B04250-C0D7-40A8-93F7-170E6474ED54}.Release|x86.ActiveCfg = Release|Win32
		{D4B04250-C0D7-40A8-93F7-170E6474ED54}.Release|x86.Build.0 = Release|Win32
	EndGlobalSection
	GlobalSection(SolutionProperties) = preSolution
		HideSolutionNode = FALSE
	EndGlobalSection
	GlobalSection(ExtensibilityGlobals) = postSolution
		SolutionGuid = {7298FA58-1459-4609-9516-48C051616197}
	EndGlobalSection
EndGlobal
