
Microsoft Visual Studio Solution File, Format Version 12.00
# Visual Studio Version 16
VisualStudioVersion = 16.0.29806.167
MinimumVisualStudioVersion = 10.0.40219.1
Project("{8BC9CEB8-8B4A-11D0-8D11-00A0C91BC942}") = "nosInvaden", "nosInvaden\nosInvaden.vcxproj", "{CCA0ED6C-FB6B-4803-8BF9-827A31C17426}"
EndProject
Global
	GlobalSection(SolutionConfigurationPlatforms) = preSolution
		Debug|x64 = Debug|x64
		Debug|x86 = Debug|x86
		Release|x64 = Release|x64
		Release|x86 = Release|x86
	EndGlobalSection
	GlobalSection(ProjectConfigurationPlatforms) = postSolution
		{CCA0ED6C-FB6B-4803-8BF9-827A31C17426}.Debug|x64.ActiveCfg = Debug|x64
		{CCA0ED6C-FB6B-4803-8BF9-827A31C17426}.Debug|x64.Build.0 = Debug|x64
		{CCA0ED6C-FB6B-4803-8BF9-827A31C17426}.Debug|x86.ActiveCfg = Debug|Win32
		{CCA0ED6C-FB6B-4803-8BF9-827A31C17426}.Debug|x86.Build.0 = Debug|Win32
		{CCA0ED6C-FB6B-4803-8BF9-827A31C17426}.Release|x64.ActiveCfg = Release|x64
		{CCA0ED6C-FB6B-4803-8BF9-827A31C17426}.Release|x64.Build.0 = Release|x64
		{CCA0ED6C-FB6B-4803-8BF9-827A31C17426}.Release|x86.ActiveCfg = Release|Win32
		{CCA0ED6C-FB6B-4803-8BF9-827A31C17426}.Release|x86.Build.0 = Release|Win32
	EndGlobalSection
	GlobalSection(SolutionProperties) = preSolution
		HideSolutionNode = FALSE
	EndGlobalSection
	GlobalSection(ExtensibilityGlobals) = postSolution
		SolutionGuid = {C3E58343-B65C-4EF5-945D-8CCCCE4D525F}
	EndGlobalSection
EndGlobal
