
Microsoft Visual Studio Solution File, Format Version 12.00
# Visual Studio Version 16
VisualStudioVersion = 16.0.29806.167
MinimumVisualStudioVersion = 10.0.40219.1
Project("{8BC9CEB8-8B4A-11D0-8D11-00A0C91BC942}") = "camiones", "camiones\camiones.vcxproj", "{1E21CC01-0D8D-43C3-B410-D904E986BC94}"
EndProject
Global
	GlobalSection(SolutionConfigurationPlatforms) = preSolution
		Debug|x64 = Debug|x64
		Debug|x86 = Debug|x86
		Release|x64 = Release|x64
		Release|x86 = Release|x86
	EndGlobalSection
	GlobalSection(ProjectConfigurationPlatforms) = postSolution
		{1E21CC01-0D8D-43C3-B410-D904E986BC94}.Debug|x64.ActiveCfg = Debug|x64
		{1E21CC01-0D8D-43C3-B410-D904E986BC94}.Debug|x64.Build.0 = Debug|x64
		{1E21CC01-0D8D-43C3-B410-D904E986BC94}.Debug|x86.ActiveCfg = Debug|Win32
		{1E21CC01-0D8D-43C3-B410-D904E986BC94}.Debug|x86.Build.0 = Debug|Win32
		{1E21CC01-0D8D-43C3-B410-D904E986BC94}.Release|x64.ActiveCfg = Release|x64
		{1E21CC01-0D8D-43C3-B410-D904E986BC94}.Release|x64.Build.0 = Release|x64
		{1E21CC01-0D8D-43C3-B410-D904E986BC94}.Release|x86.ActiveCfg = Release|Win32
		{1E21CC01-0D8D-43C3-B410-D904E986BC94}.Release|x86.Build.0 = Release|Win32
	EndGlobalSection
	GlobalSection(SolutionProperties) = preSolution
		HideSolutionNode = FALSE
	EndGlobalSection
	GlobalSection(ExtensibilityGlobals) = postSolution
		SolutionGuid = {C8A93A8B-684C-4637-B459-F494FB40ED01}
	EndGlobalSection
EndGlobal
